
Microsoft Visual Studio Solution File, Format Version 12.00
# Visual Studio Version 16
VisualStudioVersion = 16.0.29920.165
MinimumVisualStudioVersion = 10.0.40219.1
Project("{FAE04EC0-301F-11D3-BF4B-00C04F79EFBC}") = "Hotels-EANAreaSync", "Hotels-EANAreaSync\Hotels-EANAreaSync.csproj", "{B42D29B2-9CAC-44A5-B60B-68C8DF90EDDB}"
EndProject
Global
	GlobalSection(SolutionConfigurationPlatforms) = preSolution
		Debug|Any CPU = Debug|Any CPU
		Release|Any CPU = Release|Any CPU
	EndGlobalSection
	GlobalSection(ProjectConfigurationPlatforms) = postSolution
		{B42D29B2-9CAC-44A5-B60B-68C8DF90EDDB}.Debug|Any CPU.ActiveCfg = Debug|Any CPU
		{B42D29B2-9CAC-44A5-B60B-68C8DF90EDDB}.Debug|Any CPU.Build.0 = Debug|Any CPU
		{B42D29B2-9CAC-44A5-B60B-68C8DF90EDDB}.Release|Any CPU.ActiveCfg = Release|Any CPU
		{B42D29B2-9CAC-44A5-B60B-68C8DF90EDDB}.Release|Any CPU.Build.0 = Release|Any CPU
	EndGlobalSection
	GlobalSection(SolutionProperties) = preSolution
		HideSolutionNode = FALSE
	EndGlobalSection
	GlobalSection(ExtensibilityGlobals) = postSolution
		SolutionGuid = {B768B18F-FE5F-4611-BF56-DF19451688E6}
	EndGlobalSection
EndGlobal
